
Microsoft Visual Studio Solution File, Format Version 12.00
# Visual Studio Version 16
VisualStudioVersion = 16.0.30114.105
MinimumVisualStudioVersion = 10.0.40219.1
Project("{FAE04EC0-301F-11D3-BF4B-00C04F79EFBC}") = "Psyker.WebUI", "Psyker.WebUI\Psyker.WebUI.csproj", "{84C0778E-4638-41D0-9424-E50D7C1CEE52}"
EndProject
Project("{FAE04EC0-301F-11D3-BF4B-00C04F79EFBC}") = "Psyker.WebApi", "Psyker.WebApi\Psyker.WebApi.csproj", "{D2CBCCD4-4D2E-4840-B80A-1AD88D9A2A0D}"
EndProject
Project("{FAE04EC0-301F-11D3-BF4B-00C04F79EFBC}") = "Psyker.Shared", "Psyker.Shared\Psyker.Shared.csproj", "{D662A815-8678-4287-8CD3-AAE6FB70424B}"
EndProject
Project("{FAE04EC0-301F-11D3-BF4B-00C04F79EFBC}") = "Psyker.Infrastructure", "Psyker.Infrastructure\Psyker.Infrastructure.csproj", "{285101A7-AF1C-4087-ADA6-017FE4E2EAC2}"
EndProject
Project("{FAE04EC0-301F-11D3-BF4B-00C04F79EFBC}") = "Psyker.Application", "Psyker.Application\Psyker.Application.csproj", "{A339F4EC-62EB-4C08-B1BF-EDE9E4583B00}"
EndProject
Global
	GlobalSection(SolutionProperties) = preSolution
		HideSolutionNode = FALSE
	EndGlobalSection
	GlobalSection(SolutionConfigurationPlatforms) = preSolution
		Debug|Any CPU = Debug|Any CPU
		Debug|x64 = Debug|x64
		Debug|x86 = Debug|x86
		Release|Any CPU = Release|Any CPU
		Release|x64 = Release|x64
		Release|x86 = Release|x86
	EndGlobalSection
	GlobalSection(ProjectConfigurationPlatforms) = postSolution
		{84C0778E-4638-41D0-9424-E50D7C1CEE52}.Debug|Any CPU.ActiveCfg = Debug|Any CPU
		{84C0778E-4638-41D0-9424-E50D7C1CEE52}.Debug|Any CPU.Build.0 = Debug|Any CPU
		{84C0778E-4638-41D0-9424-E50D7C1CEE52}.Debug|x64.ActiveCfg = Debug|Any CPU
		{84C0778E-4638-41D0-9424-E50D7C1CEE52}.Debug|x64.Build.0 = Debug|Any CPU
		{84C0778E-4638-41D0-9424-E50D7C1CEE52}.Debug|x86.ActiveCfg = Debug|Any CPU
		{84C0778E-4638-41D0-9424-E50D7C1CEE52}.Debug|x86.Build.0 = Debug|Any CPU
		{84C0778E-4638-41D0-9424-E50D7C1CEE52}.Release|Any CPU.ActiveCfg = Release|Any CPU
		{84C0778E-4638-41D0-9424-E50D7C1CEE52}.Release|Any CPU.Build.0 = Release|Any CPU
		{84C0778E-4638-41D0-9424-E50D7C1CEE52}.Release|x64.ActiveCfg = Release|Any CPU
		{84C0778E-4638-41D0-9424-E50D7C1CEE52}.Release|x64.Build.0 = Release|Any CPU
		{84C0778E-4638-41D0-9424-E50D7C1CEE52}.Release|x86.ActiveCfg = Release|Any CPU
		{84C0778E-4638-41D0-9424-E50D7C1CEE52}.Release|x86.Build.0 = Release|Any CPU
		{D2CBCCD4-4D2E-4840-B80A-1AD88D9A2A0D}.Debug|Any CPU.ActiveCfg = Debug|Any CPU
		{D2CBCCD4-4D2E-4840-B80A-1AD88D9A2A0D}.Debug|Any CPU.Build.0 = Debug|Any CPU
		{D2CBCCD4-4D2E-4840-B80A-1AD88D9A2A0D}.Debug|x64.ActiveCfg = Debug|Any CPU
		{D2CBCCD4-4D2E-4840-B80A-1AD88D9A2A0D}.Debug|x64.Build.0 = Debug|Any CPU
		{D2CBCCD4-4D2E-4840-B80A-1AD88D9A2A0D}.Debug|x86.ActiveCfg = Debug|Any CPU
		{D2CBCCD4-4D2E-4840-B80A-1AD88D9A2A0D}.Debug|x86.Build.0 = Debug|Any CPU
		{D2CBCCD4-4D2E-4840-B80A-1AD88D9A2A0D}.Release|Any CPU.ActiveCfg = Release|Any CPU
		{D2CBCCD4-4D2E-4840-B80A-1AD88D9A2A0D}.Release|Any CPU.Build.0 = Release|Any CPU
		{D2CBCCD4-4D2E-4840-B80A-1AD88D9A2A0D}.Release|x64.ActiveCfg = Release|Any CPU
		{D2CBCCD4-4D2E-4840-B80A-1AD88D9A2A0D}.Release|x64.Build.0 = Release|Any CPU
		{D2CBCCD4-4D2E-4840-B80A-1AD88D9A2A0D}.Release|x86.ActiveCfg = Release|Any CPU
		{D2CBCCD4-4D2E-4840-B80A-1AD88D9A2A0D}.Release|x86.Build.0 = Release|Any CPU
		{D662A815-8678-4287-8CD3-AAE6FB70424B}.Debug|Any CPU.ActiveCfg = Debug|Any CPU
		{D662A815-8678-4287-8CD3-AAE6FB70424B}.Debug|Any CPU.Build.0 = Debug|Any CPU
		{D662A815-8678-4287-8CD3-AAE6FB70424B}.Debug|x64.ActiveCfg = Debug|Any CPU
		{D662A815-8678-4287-8CD3-AAE6FB70424B}.Debug|x64.Build.0 = Debug|Any CPU
		{D662A815-8678-4287-8CD3-AAE6FB70424B}.Debug|x86.ActiveCfg = Debug|Any CPU
		{D662A815-8678-4287-8CD3-AAE6FB70424B}.Debug|x86.Build.0 = Debug|Any CPU
		{D662A815-8678-4287-8CD3-AAE6FB70424B}.Release|Any CPU.ActiveCfg = Release|Any CPU
		{D662A815-8678-4287-8CD3-AAE6FB70424B}.Release|Any CPU.Build.0 = Release|Any CPU
		{D662A815-8678-4287-8CD3-AAE6FB70424B}.Release|x64.ActiveCfg = Release|Any CPU
		{D662A815-8678-4287-8CD3-AAE6FB70424B}.Release|x64.Build.0 = Release|Any CPU
		{D662A815-8678-4287-8CD3-AAE6FB70424B}.Release|x86.ActiveCfg = Release|Any CPU
		{D662A815-8678-4287-8CD3-AAE6FB70424B}.Release|x86.Build.0 = Release|Any CPU
		{285101A7-AF1C-4087-ADA6-017FE4E2EAC2}.Debug|Any CPU.ActiveCfg = Debug|Any CPU
		{285101A7-AF1C-4087-ADA6-017FE4E2EAC2}.Debug|Any CPU.Build.0 = Debug|Any CPU
		{285101A7-AF1C-4087-ADA6-017FE4E2EAC2}.Debug|x64.ActiveCfg = Debug|Any CPU
		{285101A7-AF1C-4087-ADA6-017FE4E2EAC2}.Debug|x64.Build.0 = Debug|Any CPU
		{285101A7-AF1C-4087-ADA6-017FE4E2EAC2}.Debug|x86.ActiveCfg = Debug|Any CPU
		{285101A7-AF1C-4087-ADA6-017FE4E2EAC2}.Debug|x86.Build.0 = Debug|Any CPU
		{285101A7-AF1C-4087-ADA6-017FE4E2EAC2}.Release|Any CPU.ActiveCfg = Release|Any CPU
		{285101A7-AF1C-4087-ADA6-017FE4E2EAC2}.Release|Any CPU.Build.0 = Release|Any CPU
		{285101A7-AF1C-4087-ADA6-017FE4E2EAC2}.Release|x64.ActiveCfg = Release|Any CPU
		{285101A7-AF1C-4087-ADA6-017FE4E2EAC2}.Release|x64.Build.0 = Release|Any CPU
		{285101A7-AF1C-4087-ADA6-017FE4E2EAC2}.Release|x86.ActiveCfg = Release|Any CPU
		{285101A7-AF1C-4087-ADA6-017FE4E2EAC2}.Release|x86.Build.0 = Release|Any CPU
		{A339F4EC-62EB-4C08-B1BF-EDE9E4583B00}.Debug|Any CPU.ActiveCfg = Debug|Any CPU
		{A339F4EC-62EB-4C08-B1BF-EDE9E4583B00}.Debug|Any CPU.Build.0 = Debug|Any CPU
		{A339F4EC-62EB-4C08-B1BF-EDE9E4583B00}.Debug|x64.ActiveCfg = Debug|Any CPU
		{A339F4EC-62EB-4C08-B1BF-EDE9E4583B00}.Debug|x64.Build.0 = Debug|Any CPU
		{A339F4EC-62EB-4C08-B1BF-EDE9E4583B00}.Debug|x86.ActiveCfg = Debug|Any CPU
		{A339F4EC-62EB-4C08-B1BF-EDE9E4583B00}.Debug|x86.Build.0 = Debug|Any CPU
		{A339F4EC-62EB-4C08-B1BF-EDE9E4583B00}.Release|Any CPU.ActiveCfg = Release|Any CPU
		{A339F4EC-62EB-4C08-B1BF-EDE9E4583B00}.Release|Any CPU.Build.0 = Release|Any CPU
		{A339F4EC-62EB-4C08-B1BF-EDE9E4583B00}.Release|x64.ActiveCfg = Release|Any CPU
		{A339F4EC-62EB-4C08-B1BF-EDE9E4583B00}.Release|x64.Build.0 = Release|Any CPU
		{A339F4EC-62EB-4C08-B1BF-EDE9E4583B00}.Release|x86.ActiveCfg = Release|Any CPU
		{A339F4EC-62EB-4C08-B1BF-EDE9E4583B00}.Release|x86.Build.0 = Release|Any CPU
	EndGlobalSection
EndGlobal
